
Microsoft Visual Studio Solution File, Format Version 12.00
# Visual Studio Version 17
VisualStudioVersion = 17.0.32126.317
MinimumVisualStudioVersion = 10.0.40219.1
Project("{2150E333-8FDC-42A3-9474-1A3956D46DE8}") = "Services", "Services", "{44BA48CE-B48F-40AF-AE59-79F9B557C9C0}"
EndProject
Project("{2150E333-8FDC-42A3-9474-1A3956D46DE8}") = "WebApps", "WebApps", "{BDF35BE8-5D6E-4A41-A508-F7453853062E}"
EndProject
Project("{2150E333-8FDC-42A3-9474-1A3956D46DE8}") = "Cadastros", "Cadastros", "{80B34254-FB39-4999-AB13-A83A72F3C8C2}"
EndProject
Project("{2150E333-8FDC-42A3-9474-1A3956D46DE8}") = "Catalogo", "Catalogo", "{5CC5DFBB-8C8C-4F62-A5E1-A0C68311FA9E}"
EndProject
Project("{2150E333-8FDC-42A3-9474-1A3956D46DE8}") = "Core", "Core", "{4F5D20F6-09F3-482F-9D61-AAD32E133D60}"
EndProject
Project("{2150E333-8FDC-42A3-9474-1A3956D46DE8}") = "Fiscal", "Fiscal", "{3B95F1B2-BFEA-4FED-AAA8-23ACFD750B51}"
EndProject
Project("{2150E333-8FDC-42A3-9474-1A3956D46DE8}") = "Pagamentos", "Pagamentos", "{FB61C9F3-8C48-4945-A294-B5696FAFB08A}"
EndProject
Project("{2150E333-8FDC-42A3-9474-1A3956D46DE8}") = "Vendas", "Vendas", "{D0C785E9-575B-4358-827C-467069FD3652}"
EndProject
Project("{9A19103F-16F7-4668-BE54-9A1E7A4F7556}") = "NerdStore.Catalogo.Domain", "src\NerdStore.Catalogo.Domain\NerdStore.Catalogo.Domain.csproj", "{6926E4C5-68AD-4731-86D9-11FD19926CBF}"
EndProject
Project("{9A19103F-16F7-4668-BE54-9A1E7A4F7556}") = "NerdStore.Core", "src\NerdStore.Core\NerdStore.Core.csproj", "{C6A56F88-FFB4-48C7-BE0D-7C78B5B9DFDD}"
EndProject
Project("{2150E333-8FDC-42A3-9474-1A3956D46DE8}") = "tests", "tests", "{2F9133BF-5F0A-495F-9852-849FCF4A03F4}"
EndProject
Project("{9A19103F-16F7-4668-BE54-9A1E7A4F7556}") = "NerdStore.Catalogo.Domain.Tests", "tests\NerdStore.Catalogo.Domain.Tests\NerdStore.Catalogo.Domain.Tests.csproj", "{8B70DD78-AB59-4091-A101-27BE28B3FB05}"
EndProject
Project("{9A19103F-16F7-4668-BE54-9A1E7A4F7556}") = "NerdStore.Catalogo.Data", "src\NerdStore.Catalogo.Data\NerdStore.Catalogo.Data.csproj", "{6CF3733A-4031-4C1F-8B55-56C549A04E07}"
EndProject
Project("{9A19103F-16F7-4668-BE54-9A1E7A4F7556}") = "NerdStore.Catalogo.Application", "src\NerdStore.Catalogo.Application\NerdStore.Catalogo.Application.csproj", "{441C3CE1-1918-41FD-8468-D9AC417616F5}"
EndProject
Project("{9A19103F-16F7-4668-BE54-9A1E7A4F7556}") = "NerdStore.WebApp.MVC", "src\NerdStore.WebApp.MVC\NerdStore.WebApp.MVC.csproj", "{ED35E4B9-218C-408A-8319-BE79BE1C91C4}"
EndProject
Project("{9A19103F-16F7-4668-BE54-9A1E7A4F7556}") = "NerdStore.Vendas.Domain", "src\NerdStore.Vendas.Domain\NerdStore.Vendas.Domain.csproj", "{ADEBBA9C-D1E0-480F-B679-5177213082A5}"
EndProject
Project("{9A19103F-16F7-4668-BE54-9A1E7A4F7556}") = "NerdStore.Vendas.Application", "src\NerdStore.Vendas.Application\NerdStore.Vendas.Application.csproj", "{63063730-E032-42E7-81DB-117F92EE53C8}"
EndProject
Project("{9A19103F-16F7-4668-BE54-9A1E7A4F7556}") = "NerdStore.Vendas.Data", "src\NerdStore.Vendas.Data\NerdStore.Vendas.Data.csproj", "{4874FD9B-F71B-48D7-9A47-644DCB87ECFC}"
EndProject
Project("{9A19103F-16F7-4668-BE54-9A1E7A4F7556}") = "NerdStore.Pagamentos.AntiCorruption", "src\NerdStore.Pagamentos.AntiCorruption\NerdStore.Pagamentos.AntiCorruption.csproj", "{8E3EB6A3-180F-42B8-93DE-FA58A39C6D44}"
EndProject
Project("{9A19103F-16F7-4668-BE54-9A1E7A4F7556}") = "NerdStore.Pagamentos.Business", "src\NerdStore.Pagamentos.Business\NerdStore.Pagamentos.Business.csproj", "{8CFFB0C5-2543-46B4-8C04-59868C336C17}"
EndProject
Project("{9A19103F-16F7-4668-BE54-9A1E7A4F7556}") = "NerdStore.Pagamentos.Data", "src\NerdStore.Pagamentos.Data\NerdStore.Pagamentos.Data.csproj", "{6CB56CD2-6A83-4B49-A421-83226C28D595}"
EndProject
Global
	GlobalSection(SolutionConfigurationPlatforms) = preSolution
		Debug|Any CPU = Debug|Any CPU
		Release|Any CPU = Release|Any CPU
	EndGlobalSection
	GlobalSection(ProjectConfigurationPlatforms) = postSolution
		{6926E4C5-68AD-4731-86D9-11FD19926CBF}.Debug|Any CPU.ActiveCfg = Debug|Any CPU
		{6926E4C5-68AD-4731-86D9-11FD19926CBF}.Debug|Any CPU.Build.0 = Debug|Any CPU
		{6926E4C5-68AD-4731-86D9-11FD19926CBF}.Release|Any CPU.ActiveCfg = Release|Any CPU
		{6926E4C5-68AD-4731-86D9-11FD19926CBF}.Release|Any CPU.Build.0 = Release|Any CPU
		{C6A56F88-FFB4-48C7-BE0D-7C78B5B9DFDD}.Debug|Any CPU.ActiveCfg = Debug|Any CPU
		{C6A56F88-FFB4-48C7-BE0D-7C78B5B9DFDD}.Debug|Any CPU.Build.0 = Debug|Any CPU
		{C6A56F88-FFB4-48C7-BE0D-7C78B5B9DFDD}.Release|Any CPU.ActiveCfg = Release|Any CPU
		{C6A56F88-FFB4-48C7-BE0D-7C78B5B9DFDD}.Release|Any CPU.Build.0 = Release|Any CPU
		{8B70DD78-AB59-4091-A101-27BE28B3FB05}.Debug|Any CPU.ActiveCfg = Debug|Any CPU
		{8B70DD78-AB59-4091-A101-27BE28B3FB05}.Debug|Any CPU.Build.0 = Debug|Any CPU
		{8B70DD78-AB59-4091-A101-27BE28B3FB05}.Release|Any CPU.ActiveCfg = Release|Any CPU
		{8B70DD78-AB59-4091-A101-27BE28B3FB05}.Release|Any CPU.Build.0 = Release|Any CPU
		{6CF3733A-4031-4C1F-8B55-56C549A04E07}.Debug|Any CPU.ActiveCfg = Debug|Any CPU
		{6CF3733A-4031-4C1F-8B55-56C549A04E07}.Debug|Any CPU.Build.0 = Debug|Any CPU
		{6CF3733A-4031-4C1F-8B55-56C549A04E07}.Release|Any CPU.ActiveCfg = Release|Any CPU
		{6CF3733A-4031-4C1F-8B55-56C549A04E07}.Release|Any CPU.Build.0 = Release|Any CPU
		{441C3CE1-1918-41FD-8468-D9AC417616F5}.Debug|Any CPU.ActiveCfg = Debug|Any CPU
		{441C3CE1-1918-41FD-8468-D9AC417616F5}.Debug|Any CPU.Build.0 = Debug|Any CPU
		{441C3CE1-1918-41FD-8468-D9AC417616F5}.Release|Any CPU.ActiveCfg = Release|Any CPU
		{441C3CE1-1918-41FD-8468-D9AC417616F5}.Release|Any CPU.Build.0 = Release|Any CPU
		{ED35E4B9-218C-408A-8319-BE79BE1C91C4}.Debug|Any CPU.ActiveCfg = Debug|Any CPU
		{ED35E4B9-218C-408A-8319-BE79BE1C91C4}.Debug|Any CPU.Build.0 = Debug|Any CPU
		{ED35E4B9-218C-408A-8319-BE79BE1C91C4}.Release|Any CPU.ActiveCfg = Release|Any CPU
		{ED35E4B9-218C-408A-8319-BE79BE1C91C4}.Release|Any CPU.Build.0 = Release|Any CPU
		{ADEBBA9C-D1E0-480F-B679-5177213082A5}.Debug|Any CPU.ActiveCfg = Debug|Any CPU
		{ADEBBA9C-D1E0-480F-B679-5177213082A5}.Debug|Any CPU.Build.0 = Debug|Any CPU
		{ADEBBA9C-D1E0-480F-B679-5177213082A5}.Release|Any CPU.ActiveCfg = Release|Any CPU
		{ADEBBA9C-D1E0-480F-B679-5177213082A5}.Release|Any CPU.Build.0 = Release|Any CPU
		{63063730-E032-42E7-81DB-117F92EE53C8}.Debug|Any CPU.ActiveCfg = Debug|Any CPU
		{63063730-E032-42E7-81DB-117F92EE53C8}.Debug|Any CPU.Build.0 = Debug|Any CPU
		{63063730-E032-42E7-81DB-117F92EE53C8}.Release|Any CPU.ActiveCfg = Release|Any CPU
		{63063730-E032-42E7-81DB-117F92EE53C8}.Release|Any CPU.Build.0 = Release|Any CPU
		{4874FD9B-F71B-48D7-9A47-644DCB87ECFC}.Debug|Any CPU.ActiveCfg = Debug|Any CPU
		{4874FD9B-F71B-48D7-9A47-644DCB87ECFC}.Debug|Any CPU.Build.0 = Debug|Any CPU
		{4874FD9B-F71B-48D7-9A47-644DCB87ECFC}.Release|Any CPU.ActiveCfg = Release|Any CPU
		{4874FD9B-F71B-48D7-9A47-644DCB87ECFC}.Release|Any CPU.Build.0 = Release|Any CPU
		{8E3EB6A3-180F-42B8-93DE-FA58A39C6D44}.Debug|Any CPU.ActiveCfg = Debug|Any CPU
		{8E3EB6A3-180F-42B8-93DE-FA58A39C6D44}.Debug|Any CPU.Build.0 = Debug|Any CPU
		{8E3EB6A3-180F-42B8-93DE-FA58A39C6D44}.Release|Any CPU.ActiveCfg = Release|Any CPU
		{8E3EB6A3-180F-42B8-93DE-FA58A39C6D44}.Release|Any CPU.Build.0 = Release|Any CPU
		{8CFFB0C5-2543-46B4-8C04-59868C336C17}.Debug|Any CPU.ActiveCfg = Debug|Any CPU
		{8CFFB0C5-2543-46B4-8C04-59868C336C17}.Debug|Any CPU.Build.0 = Debug|Any CPU
		{8CFFB0C5-2543-46B4-8C04-59868C336C17}.Release|Any CPU.ActiveCfg = Release|Any CPU
		{8CFFB0C5-2543-46B4-8C04-59868C336C17}.Release|Any CPU.Build.0 = Release|Any CPU
		{6CB56CD2-6A83-4B49-A421-83226C28D595}.Debug|Any CPU.ActiveCfg = Debug|Any CPU
		{6CB56CD2-6A83-4B49-A421-83226C28D595}.Debug|Any CPU.Build.0 = Debug|Any CPU
		{6CB56CD2-6A83-4B49-A421-83226C28D595}.Release|Any CPU.ActiveCfg = Release|Any CPU
		{6CB56CD2-6A83-4B49-A421-83226C28D595}.Release|Any CPU.Build.0 = Release|Any CPU
	EndGlobalSection
	GlobalSection(SolutionProperties) = preSolution
		HideSolutionNode = FALSE
	EndGlobalSection
	GlobalSection(NestedProjects) = preSolution
		{80B34254-FB39-4999-AB13-A83A72F3C8C2} = {44BA48CE-B48F-40AF-AE59-79F9B557C9C0}
		{5CC5DFBB-8C8C-4F62-A5E1-A0C68311FA9E} = {44BA48CE-B48F-40AF-AE59-79F9B557C9C0}
		{4F5D20F6-09F3-482F-9D61-AAD32E133D60} = {44BA48CE-B48F-40AF-AE59-79F9B557C9C0}
		{3B95F1B2-BFEA-4FED-AAA8-23ACFD750B51} = {44BA48CE-B48F-40AF-AE59-79F9B557C9C0}
		{FB61C9F3-8C48-4945-A294-B5696FAFB08A} = {44BA48CE-B48F-40AF-AE59-79F9B557C9C0}
		{D0C785E9-575B-4358-827C-467069FD3652} = {44BA48CE-B48F-40AF-AE59-79F9B557C9C0}
		{6926E4C5-68AD-4731-86D9-11FD19926CBF} = {5CC5DFBB-8C8C-4F62-A5E1-A0C68311FA9E}
		{C6A56F88-FFB4-48C7-BE0D-7C78B5B9DFDD} = {4F5D20F6-09F3-482F-9D61-AAD32E133D60}
		{2F9133BF-5F0A-495F-9852-849FCF4A03F4} = {5CC5DFBB-8C8C-4F62-A5E1-A0C68311FA9E}
		{8B70DD78-AB59-4091-A101-27BE28B3FB05} = {2F9133BF-5F0A-495F-9852-849FCF4A03F4}
		{6CF3733A-4031-4C1F-8B55-56C549A04E07} = {5CC5DFBB-8C8C-4F62-A5E1-A0C68311FA9E}
		{441C3CE1-1918-41FD-8468-D9AC417616F5} = {5CC5DFBB-8C8C-4F62-A5E1-A0C68311FA9E}
		{ED35E4B9-218C-408A-8319-BE79BE1C91C4} = {BDF35BE8-5D6E-4A41-A508-F7453853062E}
		{ADEBBA9C-D1E0-480F-B679-5177213082A5} = {D0C785E9-575B-4358-827C-467069FD3652}
		{63063730-E032-42E7-81DB-117F92EE53C8} = {D0C785E9-575B-4358-827C-467069FD3652}
		{4874FD9B-F71B-48D7-9A47-644DCB87ECFC} = {D0C785E9-575B-4358-827C-467069FD3652}
		{8E3EB6A3-180F-42B8-93DE-FA58A39C6D44} = {FB61C9F3-8C48-4945-A294-B5696FAFB08A}
		{8CFFB0C5-2543-46B4-8C04-59868C336C17} = {FB61C9F3-8C48-4945-A294-B5696FAFB08A}
		{6CB56CD2-6A83-4B49-A421-83226C28D595} = {FB61C9F3-8C48-4945-A294-B5696FAFB08A}
	EndGlobalSection
	GlobalSection(ExtensibilityGlobals) = postSolution
		SolutionGuid = {8ECCC72E-26F4-4BC2-9718-1A01609F3635}
	EndGlobalSection
EndGlobal
